<?xml version="1.0" encoding="utf-8"?>
<Project ToolsVersion="4.0" xmlns="http://schemas.microsoft.com/developer/msbuild/2003">
  <ItemGroup>
    <Filter Include="Source Files">
      <UniqueIdentifier>{4FC737F1-C7A5-4376-A066-2A32D752A2FF}</UniqueIdentifier>
      <Extensions>cpp;c;cc;cxx;c++;cppm;ixx;def;odl;idl;hpj;bat;asm;asmx</Extensions>
    </Filter>
    <Filter Include="Header Files">
      <UniqueIdentifier>{93995380-89BD-4b04-88EB-625FBE52EBFB}</UniqueIdentifier>
      <Extensions>h;hh;hpp;hxx;h++;hm;inl;inc;ipp;xsd</Extensions>
    </Filter>
    <Filter Include="Resource Files">
      <UniqueIdentifier>{67DA6AB6-F800-4c08-8B7A-83BB121AAD01}</UniqueIdentifier>
      <Extensions>rc;ico;cur;bmp;dlg;rc2;rct;bin;rgs;gif;jpg;jpeg;jpe;resx;tiff;tif;png;wav;mfcribbon-ms</Extensions>
    </Filter>
    <Filter Include="Header Files\View">
      <UniqueIdentifier>{e057440c-ed02-4c3b-bd42-c6dd5cc45283}</UniqueIdentifier>
    </Filter>
    <Filter Include="Header Files\View\Core">
      <UniqueIdentifier>{beba0f02-7840-4801-9aa7-c3025fe1d35f}</UniqueIdentifier>
    </Filter>
    <Filter Include="Source Files\View">
      <UniqueIdentifier>{9fa3bc3d-104c-4a98-a07f-e530c3aceb0d}</UniqueIdentifier>
    </Filter>
    <Filter Include="Source Files\View\Core">
      <UniqueIdentifier>{41eb63f4-b0f5-4ee9-a547-beac035f00ca}</UniqueIdentifier>
    </Filter>
    <Filter Include="Header Files\Controller">
      <UniqueIdentifier>{6aa67f67-5089-4d59-8bbe-2ad18a26e2b9}</UniqueIdentifier>
    </Filter>
    <Filter Include="Header Files\Model">
      <UniqueIdentifier>{6c4ebd26-ee98-40aa-9213-178d8a272591}</UniqueIdentifier>
    </Filter>
    <Filter Include="Source Files\Controller">
      <UniqueIdentifier>{ff5bb050-5904-4de5-a1b9-99d605285cf6}</UniqueIdentifier>
    </Filter>
    <Filter Include="Source Files\Model">
      <UniqueIdentifier>{51c7f508-7a39-4760-9dec-211cebe2f8d7}</UniqueIdentifier>
    </Filter>
    <Filter Include="Header Files\View\RenderStrategies">
      <UniqueIdentifier>{6c7a20d9-0f17-4c5f-8f17-1486b521c5e5}</UniqueIdentifier>
    </Filter>
    <Filter Include="Source Files\View\RenderStrategies">
      <UniqueIdentifier>{c84f970b-40da-4bd3-b0aa-422d14fcc6e4}</UniqueIdentifier>
    </Filter>
    <Filter Include="Source Files\Model\BoardObjects">
      <UniqueIdentifier>{1c3d4f6f-51ff-4c5f-bc50-83a5abc601b2}</UniqueIdentifier>
    </Filter>
    <Filter Include="Header Files\Model\BoardObjects">
      <UniqueIdentifier>{068f66e9-e412-45c5-a2ee-4bdb8951f2a2}</UniqueIdentifier>
    </Filter>
    <Filter Include="Header Files\Controller\InputCommands">
      <UniqueIdentifier>{55db5e76-ce21-432e-9fd7-00289e9f3a96}</UniqueIdentifier>
    </Filter>
    <Filter Include="Source Files\Controller\InputCommands">
      <UniqueIdentifier>{8597bdc3-002f-421d-b117-2f30e3f615f6}</UniqueIdentifier>
    </Filter>
    <Filter Include="Header Files\Controller\InputStates">
      <UniqueIdentifier>{38feba02-84c5-47e2-822d-6a32a633ebe0}</UniqueIdentifier>
    </Filter>
    <Filter Include="Source Files\Controller\InputStates">
      <UniqueIdentifier>{6f11a653-c273-4c2f-a915-7a06c6c8ccc7}</UniqueIdentifier>
    </Filter>
    <Filter Include="Source Files\Model\GameStates">
      <UniqueIdentifier>{5b8564f0-c13e-4bcf-9084-3cf03f93415c}</UniqueIdentifier>
    </Filter>
    <Filter Include="Header Files\Model\GameStates">
      <UniqueIdentifier>{6132c6fa-a454-4123-bca8-0ae6be59804c}</UniqueIdentifier>
    </Filter>
    <Filter Include="Header Files\Model\LevelCommands">
      <UniqueIdentifier>{62f9c7f7-9b58-4e98-a8d6-e430b3d36481}</UniqueIdentifier>
    </Filter>
    <Filter Include="Source Files\Model\LevelCommands">
      <UniqueIdentifier>{6cf522f4-1e22-4dcb-8c9d-50ff8346eb25}</UniqueIdentifier>
    </Filter>
    <Filter Include="Header Files\Model\BoardObjectBehaviours">
      <UniqueIdentifier>{77f5f67d-a07b-44a7-aa07-9efc5692bca6}</UniqueIdentifier>
    </Filter>
    <Filter Include="Source Files\Model\BoardObjectBehaviours">
      <UniqueIdentifier>{d987c924-f027-406a-bfb9-b3601821a96d}</UniqueIdentifier>
    </Filter>
    <Filter Include="Header Files\Model\BoardObjectInteractSenders">
      <UniqueIdentifier>{4fafcee5-7167-4825-a844-d37690b8890a}</UniqueIdentifier>
    </Filter>
    <Filter Include="Source Files\Model\BoardObjectInteractSenders">
      <UniqueIdentifier>{52d37f50-002b-4705-abb1-84c74877e07e}</UniqueIdentifier>
    </Filter>
    <Filter Include="Header Files\Model\BoardObjectInteractReceivers">
      <UniqueIdentifier>{169d4c35-006d-475f-a7b4-af28ebf12a9a}</UniqueIdentifier>
    </Filter>
    <Filter Include="Source Files\Model\BoardObjectInteractReceivers">
      <UniqueIdentifier>{d9dd34b2-2a6a-4103-b11e-34041e9ee0f8}</UniqueIdentifier>
    </Filter>
    <Filter Include="Header Files\View\Text">
      <UniqueIdentifier>{925ec300-d9d7-4cb7-874b-706c166c6e7d}</UniqueIdentifier>
    </Filter>
    <Filter Include="Source Files\View\Text">
      <UniqueIdentifier>{59f3f9ca-9da1-4eff-b733-5dc0c79d4eaf}</UniqueIdentifier>
    </Filter>
  </ItemGroup>
  <ItemGroup>
    <ClInclude Include="View\Core\Camera.h">
      <Filter>Header Files\View\Core</Filter>
    </ClInclude>
    <ClInclude Include="View\Core\EBO.h">
      <Filter>Header Files\View\Core</Filter>
    </ClInclude>
    <ClInclude Include="View\Core\Mesh.h">
      <Filter>Header Files\View\Core</Filter>
    </ClInclude>
    <ClInclude Include="View\Core\shader.h">
      <Filter>Header Files\View\Core</Filter>
    </ClInclude>
    <ClInclude Include="View\Core\ShaderSkybox.h">
      <Filter>Header Files\View\Core</Filter>
    </ClInclude>
    <ClInclude Include="View\Core\Texture.h">
      <Filter>Header Files\View\Core</Filter>
    </ClInclude>
    <ClInclude Include="View\Core\VAO.h">
      <Filter>Header Files\View\Core</Filter>
    </ClInclude>
    <ClInclude Include="View\Core\VBO.h">
      <Filter>Header Files\View\Core</Filter>
    </ClInclude>
    <ClInclude Include="Controller\GameController.h">
      <Filter>Header Files\Controller</Filter>
    </ClInclude>
    <ClInclude Include="Model\IGameModel.h">
      <Filter>Header Files\Model</Filter>
    </ClInclude>
    <ClInclude Include="Model\GameModel.h">
      <Filter>Header Files\Model</Filter>
    </ClInclude>
    <ClInclude Include="View\IView.h">
      <Filter>Header Files\View</Filter>
    </ClInclude>
    <ClInclude Include="View\View.h">
      <Filter>Header Files\View</Filter>
    </ClInclude>
    <ClInclude Include="View\RenderStrategies\RenderStrategy.h">
      <Filter>Header Files\View\RenderStrategies</Filter>
    </ClInclude>
    <ClInclude Include="Model\BoardObjects\BoardObject.h">
      <Filter>Header Files\Model\BoardObjects</Filter>
    </ClInclude>
    <ClInclude Include="Controller\InputCommands\InputCommand.h">
      <Filter>Header Files\Controller\InputCommands</Filter>
    </ClInclude>
    <ClInclude Include="Model\Point.h">
      <Filter>Header Files\Model</Filter>
    </ClInclude>
    <ClInclude Include="View\RenderStrategies\RenderStrategyBoard.h">
      <Filter>Header Files\View\RenderStrategies</Filter>
    </ClInclude>
    <ClInclude Include="Model\GameStates\GameState.h">
      <Filter>Header Files\Model\GameStates</Filter>
    </ClInclude>
    <ClInclude Include="Controller\InputStates\InputContext.h">
      <Filter>Header Files\Controller\InputStates</Filter>
    </ClInclude>
    <ClInclude Include="Controller\InputStates\InputState.h">
      <Filter>Header Files\Controller\InputStates</Filter>
    </ClInclude>
    <ClInclude Include="Controller\InputStates\InputStateBoard.h">
      <Filter>Header Files\Controller\InputStates</Filter>
    </ClInclude>
    <ClInclude Include="Model\GameStates\GameStateWait.h">
      <Filter>Header Files\Model\GameStates</Filter>
    </ClInclude>
    <ClInclude Include="Model\Level.h">
      <Filter>Header Files\Model</Filter>
    </ClInclude>
    <ClInclude Include="Model\LevelFactory.h">
      <Filter>Header Files\Model</Filter>
    </ClInclude>
    <ClInclude Include="Model\ILevelFactory.h">
      <Filter>Header Files\Model</Filter>
    </ClInclude>
    <ClInclude Include="View\IRenderStrategyFactory.h">
      <Filter>Header Files\View</Filter>
    </ClInclude>
    <ClInclude Include="View\RenderStrategyFactory.h">
      <Filter>Header Files\View</Filter>
    </ClInclude>
    <ClInclude Include="Controller\IGameController.h">
      <Filter>Header Files\Controller</Filter>
    </ClInclude>
    <ClInclude Include="View\Sprite.h">
      <Filter>Header Files\View</Filter>
    </ClInclude>
    <ClInclude Include="View\ISpriteFlyweightFactory.h">
      <Filter>Header Files\View</Filter>
    </ClInclude>
    <ClInclude Include="View\SpriteFlyweightFactory.h">
      <Filter>Header Files\View</Filter>
    </ClInclude>
    <ClInclude Include="Model\LevelBoard.h">
      <Filter>Header Files\Model</Filter>
    </ClInclude>
    <ClInclude Include="Model\LevelCommands\LevelCommand.h">
      <Filter>Header Files\Model\LevelCommands</Filter>
    </ClInclude>
    <ClInclude Include="Model\LevelCommands\LevelCommandMove.h">
      <Filter>Header Files\Model\LevelCommands</Filter>
    </ClInclude>
    <ClInclude Include="Model\LevelCommands\LevelCommandSwitch.h">
      <Filter>Header Files\Model\LevelCommands</Filter>
    </ClInclude>
    <ClInclude Include="Model\LevelCommands\LevelCommandInteract.h">
      <Filter>Header Files\Model\LevelCommands</Filter>
    </ClInclude>
    <ClInclude Include="Model\LevelCommands\LevelCommandPoint.h">
      <Filter>Header Files\Model\LevelCommands</Filter>
    </ClInclude>
    <ClInclude Include="Model\PointF.h">
      <Filter>Header Files\Model</Filter>
    </ClInclude>
    <ClInclude Include="Model\BoardObjectBehaviours\BoardObjectBehaviour.h">
      <Filter>Header Files\Model\BoardObjectBehaviours</Filter>
    </ClInclude>
    <ClInclude Include="Model\BoardObjectBehaviours\BoardObjectBehaviourNone.h">
      <Filter>Header Files\Model\BoardObjectBehaviours</Filter>
    </ClInclude>
    <ClInclude Include="Model\BoardObjectBehaviours\BoardObjectBehaviourMoveOne.h">
      <Filter>Header Files\Model\BoardObjectBehaviours</Filter>
    </ClInclude>
    <ClInclude Include="Model\BoardObjectBehaviours\BoardObjectBehaviourMoveOneCont.h">
      <Filter>Header Files\Model\BoardObjectBehaviours</Filter>
    </ClInclude>
    <ClInclude Include="Model\BoardObjectBehaviours\BoardObjectBehaviourMoveInfinite.h">
      <Filter>Header Files\Model\BoardObjectBehaviours</Filter>
    </ClInclude>
    <ClInclude Include="Model\GameStates\GameStateAction.h">
      <Filter>Header Files\Model\GameStates</Filter>
    </ClInclude>
    <ClInclude Include="Model\BoardObjectInteractSenders\BoardObjectInteractSender.h">
      <Filter>Header Files\Model\BoardObjectInteractSenders</Filter>
    </ClInclude>
    <ClInclude Include="Model\BoardObjectInteractReceivers\BoardObjectInteractReceiver.h">
      <Filter>Header Files\Model\BoardObjectInteractReceivers</Filter>
    </ClInclude>
    <ClInclude Include="Model\BoardObjectInteractSenders\BoardObjectInteractSenderPush.h">
      <Filter>Header Files\Model\BoardObjectInteractSenders</Filter>
    </ClInclude>
    <ClInclude Include="Model\BoardObjectInteractSenders\BoardObjectInteractSenderNone.h">
      <Filter>Header Files\Model\BoardObjectInteractSenders</Filter>
    </ClInclude>
    <ClInclude Include="Model\BoardObjectInteractReceivers\BoardObjectInteractReceiverNone.h">
      <Filter>Header Files\Model\BoardObjectInteractReceivers</Filter>
    </ClInclude>
    <ClInclude Include="Model\BoardObjectInteractReceivers\BoardObjectInteractReceiverPush.h">
      <Filter>Header Files\Model\BoardObjectInteractReceivers</Filter>
    </ClInclude>
    <ClInclude Include="Model\IBehaviourFactory.h">
      <Filter>Header Files\Model</Filter>
    </ClInclude>
    <ClInclude Include="Model\BehaviourFactory.h">
      <Filter>Header Files\Model</Filter>
    </ClInclude>
    <ClInclude Include="Model\BoardObjects\BoardObjectPerson.h">
      <Filter>Header Files\Model\BoardObjects</Filter>
    </ClInclude>
    <ClInclude Include="Model\BoardObjects\BoardObjectEnemy.h">
      <Filter>Header Files\Model\BoardObjects</Filter>
    </ClInclude>
    <ClInclude Include="Model\BoardObjects\BoardObjectRock.h">
      <Filter>Header Files\Model\BoardObjects</Filter>
    </ClInclude>
    <ClInclude Include="Model\BoardObjects\BoardObjectArrow.h">
      <Filter>Header Files\Model\BoardObjects</Filter>
    </ClInclude>
    <ClInclude Include="Model\BoardObjects\BoardObjectPit.h">
      <Filter>Header Files\Model\BoardObjects</Filter>
    </ClInclude>
    <ClInclude Include="Model\BoardObjects\BoardObjectGoal.h">
      <Filter>Header Files\Model\BoardObjects</Filter>
    </ClInclude>
    <ClInclude Include="Model\SpaceClaimResponses.h">
      <Filter>Header Files\Model</Filter>
    </ClInclude>
    <ClInclude Include="Model\BoardObjectInteractSenders\BoardObjectInteractSenderShoot.h">
      <Filter>Header Files\Model\BoardObjectInteractSenders</Filter>
    </ClInclude>
    <ClInclude Include="Model\BoardObjectInteractSenders\BoardObjectInteractSenderFreeze.h">
      <Filter>Header Files\Model\BoardObjectInteractSenders</Filter>
    </ClInclude>
    <ClInclude Include="Model\BoardObjectInteractReceivers\BoardObjectInteractReceiverFreeze.h">
      <Filter>Header Files\Model\BoardObjectInteractReceivers</Filter>
    </ClInclude>
    <ClInclude Include="Model\BoardObjectInteractSenders\BoardObjectInteractSenderFloat.h">
      <Filter>Header Files\Model\BoardObjectInteractSenders</Filter>
    </ClInclude>
    <ClInclude Include="Model\BoardObjectInteractReceivers\BoardObjectInteractReceiverFloat.h">
      <Filter>Header Files\Model\BoardObjectInteractReceivers</Filter>
    </ClInclude>
    <ClInclude Include="Model\GameStates\GameStateGameOver.h">
      <Filter>Header Files\Model\GameStates</Filter>
    </ClInclude>
    <ClInclude Include="Model\GameStates\GameStateWin.h">
      <Filter>Header Files\Model\GameStates</Filter>
    </ClInclude>
    <ClInclude Include="Model\UIText.h">
      <Filter>Header Files\Model</Filter>
    </ClInclude>
    <ClInclude Include="Model\GameStates\GameStatePause.h">
      <Filter>Header Files\Model\GameStates</Filter>
    </ClInclude>
  </ItemGroup>
  <ItemGroup>
    <ClCompile Include="View\Core\glad.c">
      <Filter>Source Files\View\Core</Filter>
    </ClCompile>
    <ClCompile Include="View\Core\Camera.cpp">
      <Filter>Source Files\View\Core</Filter>
    </ClCompile>
    <ClCompile Include="View\Core\EBO.cpp">
      <Filter>Source Files\View\Core</Filter>
    </ClCompile>
    <ClCompile Include="View\Core\Mesh.cpp">
      <Filter>Source Files\View\Core</Filter>
    </ClCompile>
    <ClCompile Include="View\Core\shader.cpp">
      <Filter>Source Files\View\Core</Filter>
    </ClCompile>
    <ClCompile Include="View\Core\ShaderSkybox.cpp">
      <Filter>Source Files\View\Core</Filter>
    </ClCompile>
    <ClCompile Include="View\Core\stb.cpp">
      <Filter>Source Files\View\Core</Filter>
    </ClCompile>
    <ClCompile Include="View\Core\Texture.cpp">
      <Filter>Source Files\View\Core</Filter>
    </ClCompile>
    <ClCompile Include="View\Core\VAO.cpp">
      <Filter>Source Files\View\Core</Filter>
    </ClCompile>
    <ClCompile Include="View\Core\VBO.cpp">
      <Filter>Source Files\View\Core</Filter>
    </ClCompile>
    <ClCompile Include="Main.cpp">
      <Filter>Source Files</Filter>
    </ClCompile>
    <ClCompile Include="Controller\GameController.cpp">
      <Filter>Source Files\Controller</Filter>
    </ClCompile>
    <ClCompile Include="Model\IGameModel.cpp">
      <Filter>Source Files\Model</Filter>
    </ClCompile>
    <ClCompile Include="Model\GameModel.cpp">
      <Filter>Source Files\Model</Filter>
    </ClCompile>
    <ClCompile Include="View\IView.cpp">
      <Filter>Source Files\View</Filter>
    </ClCompile>
    <ClCompile Include="View\View.cpp">
      <Filter>Source Files\View</Filter>
    </ClCompile>
    <ClCompile Include="View\RenderStrategies\RenderStrategy.cpp">
      <Filter>Source Files\View\RenderStrategies</Filter>
    </ClCompile>
    <ClCompile Include="Model\BoardObjects\BoardObject.cpp">
      <Filter>Source Files\Model\BoardObjects</Filter>
    </ClCompile>
    <ClCompile Include="Controller\InputCommands\InputCommand.cpp">
      <Filter>Source Files\Controller\InputCommands</Filter>
    </ClCompile>
    <ClCompile Include="Model\Point.cpp">
      <Filter>Source Files\Model</Filter>
    </ClCompile>
    <ClCompile Include="View\RenderStrategies\RenderStrategyBoard.cpp">
      <Filter>Source Files\View\RenderStrategies</Filter>
    </ClCompile>
    <ClCompile Include="Model\GameStates\GameState.cpp">
      <Filter>Source Files\Model\GameStates</Filter>
    </ClCompile>
    <ClCompile Include="Controller\InputStates\InputContext.cpp">
      <Filter>Source Files\Controller\InputStates</Filter>
    </ClCompile>
    <ClCompile Include="Controller\InputStates\InputState.cpp">
      <Filter>Source Files\Controller\InputStates</Filter>
    </ClCompile>
    <ClCompile Include="Controller\InputStates\InputStateBoard.cpp">
      <Filter>Source Files\Controller\InputStates</Filter>
    </ClCompile>
    <ClCompile Include="Model\GameStates\GameStateWait.cpp">
      <Filter>Source Files\Model\GameStates</Filter>
    </ClCompile>
    <ClCompile Include="Model\Level.cpp">
      <Filter>Source Files\Model</Filter>
    </ClCompile>
    <ClCompile Include="Model\LevelFactory.cpp">
      <Filter>Source Files\Model</Filter>
    </ClCompile>
    <ClCompile Include="Model\ILevelFactory.cpp">
      <Filter>Source Files\Model</Filter>
    </ClCompile>
    <ClCompile Include="View\IRenderStrategyFactory.cpp">
      <Filter>Source Files\View</Filter>
    </ClCompile>
    <ClCompile Include="View\RenderStrategyFactory.cpp">
      <Filter>Source Files\View</Filter>
    </ClCompile>
    <ClCompile Include="Controller\IGameController.cpp">
      <Filter>Source Files\Controller</Filter>
    </ClCompile>
    <ClCompile Include="View\Sprite.cpp">
      <Filter>Source Files\View</Filter>
    </ClCompile>
    <ClCompile Include="View\ISpriteFlyweightFactory.cpp">
      <Filter>Source Files\View</Filter>
    </ClCompile>
    <ClCompile Include="View\SpriteFlyweightFactory.cpp">
      <Filter>Source Files\View</Filter>
    </ClCompile>
    <ClCompile Include="Model\LevelBoard.cpp">
      <Filter>Source Files\Model</Filter>
    </ClCompile>
    <ClCompile Include="Model\LevelCommands\LevelCommand.cpp">
      <Filter>Source Files\Model\LevelCommands</Filter>
    </ClCompile>
    <ClCompile Include="Model\LevelCommands\LevelCommandMove.cpp">
      <Filter>Source Files\Model\LevelCommands</Filter>
    </ClCompile>
    <ClCompile Include="Model\LevelCommands\LevelCommandSwitch.cpp">
      <Filter>Source Files\Model\LevelCommands</Filter>
    </ClCompile>
    <ClCompile Include="Model\LevelCommands\LevelCommandInteract.cpp">
      <Filter>Source Files\Model\LevelCommands</Filter>
    </ClCompile>
    <ClCompile Include="Model\LevelCommands\LevelCommandPoint.cpp">
      <Filter>Source Files\Model\LevelCommands</Filter>
    </ClCompile>
    <ClCompile Include="Model\PointF.cpp">
      <Filter>Source Files\Model</Filter>
    </ClCompile>
    <ClCompile Include="Model\BoardObjectBehaviours\BoardObjectBehaviour.cpp">
      <Filter>Source Files\Model\BoardObjectBehaviours</Filter>
    </ClCompile>
    <ClCompile Include="Model\BoardObjectBehaviours\BoardObjectBehaviourNone.cpp">
      <Filter>Source Files\Model\BoardObjectBehaviours</Filter>
    </ClCompile>
    <ClCompile Include="Model\BoardObjectBehaviours\BoardObjectBehaviourMoveOne.cpp">
      <Filter>Source Files\Model\BoardObjectBehaviours</Filter>
    </ClCompile>
    <ClCompile Include="Model\BoardObjectBehaviours\BoardObjectBehaviourMoveOneCont.cpp">
      <Filter>Source Files\Model\BoardObjectBehaviours</Filter>
    </ClCompile>
    <ClCompile Include="Model\BoardObjectBehaviours\BoardObjectBehaviourMoveInfinite.cpp">
      <Filter>Source Files\Model\BoardObjectBehaviours</Filter>
    </ClCompile>
    <ClCompile Include="Model\GameStates\GameStateAction.cpp">
      <Filter>Source Files\Model\GameStates</Filter>
    </ClCompile>
    <ClCompile Include="Model\BoardObjectInteractSenders\BoardObjectInteractSender.cpp">
      <Filter>Source Files\Model\BoardObjectInteractSenders</Filter>
    </ClCompile>
    <ClCompile Include="Model\BoardObjectInteractReceivers\BoardObjectInteractReceiver.cpp">
      <Filter>Source Files\Model\BoardObjectInteractReceivers</Filter>
    </ClCompile>
    <ClCompile Include="Model\BoardObjectInteractSenders\BoardObjectInteractSenderPush.cpp">
      <Filter>Source Files\Model\BoardObjectInteractSenders</Filter>
    </ClCompile>
    <ClCompile Include="Model\BoardObjectInteractSenders\BoardObjectInteractSenderNone.cpp">
      <Filter>Source Files\Model\BoardObjectInteractSenders</Filter>
    </ClCompile>
    <ClCompile Include="Model\BoardObjectInteractReceivers\BoardObjectInteractReceiverNone.cpp">
      <Filter>Source Files\Model\BoardObjectInteractReceivers</Filter>
    </ClCompile>
    <ClCompile Include="Model\BoardObjectInteractReceivers\BoardObjectInteractReceiverPush.cpp">
      <Filter>Source Files\Model\BoardObjectInteractReceivers</Filter>
    </ClCompile>
    <ClCompile Include="Model\IBehaviourFactory.cpp">
      <Filter>Source Files\Model</Filter>
    </ClCompile>
    <ClCompile Include="Model\BehaviourFactory.cpp">
      <Filter>Source Files\Model</Filter>
    </ClCompile>
    <ClCompile Include="Model\BoardObjects\BoardObjectPerson.cpp">
      <Filter>Source Files\Model\BoardObjects</Filter>
    </ClCompile>
    <ClCompile Include="Model\BoardObjects\BoardObjectEnemy.cpp">
      <Filter>Source Files\Model\BoardObjects</Filter>
    </ClCompile>
    <ClCompile Include="Model\BoardObjects\BoardObjectRock.cpp">
      <Filter>Source Files\Model\BoardObjects</Filter>
    </ClCompile>
    <ClCompile Include="Model\BoardObjects\BoardObjectArrow.cpp">
      <Filter>Source Files\Model\BoardObjects</Filter>
    </ClCompile>
    <ClCompile Include="Model\BoardObjects\BoardObjectPit.cpp">
      <Filter>Source Files\Model\BoardObjects</Filter>
    </ClCompile>
    <ClCompile Include="Model\BoardObjects\BoardObjectGoal.cpp">
      <Filter>Source Files\Model\BoardObjects</Filter>
    </ClCompile>
    <ClCompile Include="Model\BoardObjectInteractSenders\BoardObjectInteractSenderShoot.cpp">
      <Filter>Source Files\Model\BoardObjectInteractSenders</Filter>
    </ClCompile>
    <ClCompile Include="Model\BoardObjectInteractSenders\BoardObjectInteractSenderFreeze.cpp">
      <Filter>Source Files\Model\BoardObjectInteractSenders</Filter>
    </ClCompile>
    <ClCompile Include="Model\BoardObjectInteractReceivers\BoardObjectInteractReceiverFreeze.cpp">
      <Filter>Source Files\Model\BoardObjectInteractReceivers</Filter>
    </ClCompile>
    <ClCompile Include="Model\BoardObjectInteractSenders\BoardObjectInteractSenderFloat.cpp">
      <Filter>Source Files\Model\BoardObjectInteractSenders</Filter>
    </ClCompile>
    <ClCompile Include="Model\BoardObjectInteractReceivers\BoardObjectInteractReceiverFloat.cpp">
      <Filter>Source Files\Model\BoardObjectInteractReceivers</Filter>
    </ClCompile>
    <ClCompile Include="Model\GameStates\GameStateGameOver.cpp">
      <Filter>Source Files\Model\GameStates</Filter>
    </ClCompile>
    <ClCompile Include="Model\GameStates\GameStateWin.cpp">
      <Filter>Source Files\Model\GameStates</Filter>
    </ClCompile>
    <ClCompile Include="Model\UIText.cpp">
      <Filter>Source Files\Model</Filter>
    </ClCompile>
    <ClCompile Include="Model\GameStates\GameStatePause.cpp">
      <Filter>Source Files\Model\GameStates</Filter>
    </ClCompile>
  </ItemGroup>
</Project>